
Microsoft Visual Studio Solution File, Format Version 12.00
# Visual Studio Version 16
VisualStudioVersion = 16.0.30717.126
MinimumVisualStudioVersion = 10.0.40219.1
Project("{FAE04EC0-301F-11D3-BF4B-00C04F79EFBC}") = "Solution.API", "Solution.API\Solution.API.csproj", "{C02C5762-34AA-4472-8D4C-84D627ED4CD0}"
EndProject
Project("{FAE04EC0-301F-11D3-BF4B-00C04F79EFBC}") = "Solution.API.W", "Solution.API.W\Solution.API.W.csproj", "{14B5F444-1628-4E49-A39B-783F04754F58}"
EndProject
Project("{FAE04EC0-301F-11D3-BF4B-00C04F79EFBC}") = "Solution.BS", "Solution.BS\Solution.BS.csproj", "{9B0A034D-FAC2-45D9-8DB3-685863295475}"
EndProject
Project("{FAE04EC0-301F-11D3-BF4B-00C04F79EFBC}") = "Solution.DAL", "Solution.DAL\Solution.DAL.csproj", "{2D11943A-035D-4CA5-B577-3C3B8F997BB8}"
EndProject
Project("{FAE04EC0-301F-11D3-BF4B-00C04F79EFBC}") = "Solution.DAL.Repository", "Solution.DAL.Repository\Solution.DAL.Repository.csproj", "{A890D988-62E1-425A-96FD-3955DAB5D889}"
EndProject
Project("{FAE04EC0-301F-11D3-BF4B-00C04F79EFBC}") = "Solution.DAL.EF", "Solution.DAL.EF\Solution.DAL.EF.csproj", "{81F7529D-B5FF-4B42-9B22-BED8DD1BCCD3}"
EndProject
Project("{FAE04EC0-301F-11D3-BF4B-00C04F79EFBC}") = "Solution.DO", "Solution.DO\Solution.DO.csproj", "{985A7529-03BA-4B29-BB22-6205A3BA0925}"
EndProject
Global
	GlobalSection(SolutionConfigurationPlatforms) = preSolution
		Debug|Any CPU = Debug|Any CPU
		Release|Any CPU = Release|Any CPU
	EndGlobalSection
	GlobalSection(ProjectConfigurationPlatforms) = postSolution
		{C02C5762-34AA-4472-8D4C-84D627ED4CD0}.Debug|Any CPU.ActiveCfg = Debug|Any CPU
		{C02C5762-34AA-4472-8D4C-84D627ED4CD0}.Debug|Any CPU.Build.0 = Debug|Any CPU
		{C02C5762-34AA-4472-8D4C-84D627ED4CD0}.Release|Any CPU.ActiveCfg = Release|Any CPU
		{C02C5762-34AA-4472-8D4C-84D627ED4CD0}.Release|Any CPU.Build.0 = Release|Any CPU
		{14B5F444-1628-4E49-A39B-783F04754F58}.Debug|Any CPU.ActiveCfg = Debug|Any CPU
		{14B5F444-1628-4E49-A39B-783F04754F58}.Debug|Any CPU.Build.0 = Debug|Any CPU
		{14B5F444-1628-4E49-A39B-783F04754F58}.Release|Any CPU.ActiveCfg = Release|Any CPU
		{14B5F444-1628-4E49-A39B-783F04754F58}.Release|Any CPU.Build.0 = Release|Any CPU
		{9B0A034D-FAC2-45D9-8DB3-685863295475}.Debug|Any CPU.ActiveCfg = Debug|Any CPU
		{9B0A034D-FAC2-45D9-8DB3-685863295475}.Debug|Any CPU.Build.0 = Debug|Any CPU
		{9B0A034D-FAC2-45D9-8DB3-685863295475}.Release|Any CPU.ActiveCfg = Release|Any CPU
		{9B0A034D-FAC2-45D9-8DB3-685863295475}.Release|Any CPU.Build.0 = Release|Any CPU
		{2D11943A-035D-4CA5-B577-3C3B8F997BB8}.Debug|Any CPU.ActiveCfg = Debug|Any CPU
		{2D11943A-035D-4CA5-B577-3C3B8F997BB8}.Debug|Any CPU.Build.0 = Debug|Any CPU
		{2D11943A-035D-4CA5-B577-3C3B8F997BB8}.Release|Any CPU.ActiveCfg = Release|Any CPU
		{2D11943A-035D-4CA5-B577-3C3B8F997BB8}.Release|Any CPU.Build.0 = Release|Any CPU
		{A890D988-62E1-425A-96FD-3955DAB5D889}.Debug|Any CPU.ActiveCfg = Debug|Any CPU
		{A890D988-62E1-425A-96FD-3955DAB5D889}.Debug|Any CPU.Build.0 = Debug|Any CPU
		{A890D988-62E1-425A-96FD-3955DAB5D889}.Release|Any CPU.ActiveCfg = Release|Any CPU
		{A890D988-62E1-425A-96FD-3955DAB5D889}.Release|Any CPU.Build.0 = Release|Any CPU
		{81F7529D-B5FF-4B42-9B22-BED8DD1BCCD3}.Debug|Any CPU.ActiveCfg = Debug|Any CPU
		{81F7529D-B5FF-4B42-9B22-BED8DD1BCCD3}.Debug|Any CPU.Build.0 = Debug|Any CPU
		{81F7529D-B5FF-4B42-9B22-BED8DD1BCCD3}.Release|Any CPU.ActiveCfg = Release|Any CPU
		{81F7529D-B5FF-4B42-9B22-BED8DD1BCCD3}.Release|Any CPU.Build.0 = Release|Any CPU
		{985A7529-03BA-4B29-BB22-6205A3BA0925}.Debug|Any CPU.ActiveCfg = Debug|Any CPU
		{985A7529-03BA-4B29-BB22-6205A3BA0925}.Debug|Any CPU.Build.0 = Debug|Any CPU
		{985A7529-03BA-4B29-BB22-6205A3BA0925}.Release|Any CPU.ActiveCfg = Release|Any CPU
		{985A7529-03BA-4B29-BB22-6205A3BA0925}.Release|Any CPU.Build.0 = Release|Any CPU
	EndGlobalSection
	GlobalSection(SolutionProperties) = preSolution
		HideSolutionNode = FALSE
	EndGlobalSection
	GlobalSection(ExtensibilityGlobals) = postSolution
		SolutionGuid = {567A7E7D-1EE7-48F5-A93F-B11798A668C3}
	EndGlobalSection
EndGlobal
